
Microsoft Visual Studio Solution File, Format Version 12.00
# Visual Studio Version 16
VisualStudioVersion = 16.0.30804.86
MinimumVisualStudioVersion = 10.0.40219.1
Project("{FAE04EC0-301F-11D3-BF4B-00C04F79EFBC}") = "T09", "T09\T09.csproj", "{6BFDE5E9-C47A-4E91-8855-11F04B36D629}"
EndProject
Global
	GlobalSection(SolutionConfigurationPlatforms) = preSolution
		Debug|Any CPU = Debug|Any CPU
		Release|Any CPU = Release|Any CPU
	EndGlobalSection
	GlobalSection(ProjectConfigurationPlatforms) = postSolution
		{6BFDE5E9-C47A-4E91-8855-11F04B36D629}.Debug|Any CPU.ActiveCfg = Debug|Any CPU
		{6BFDE5E9-C47A-4E91-8855-11F04B36D629}.Debug|Any CPU.Build.0 = Debug|Any CPU
		{6BFDE5E9-C47A-4E91-8855-11F04B36D629}.Release|Any CPU.ActiveCfg = Release|Any CPU
		{6BFDE5E9-C47A-4E91-8855-11F04B36D629}.Release|Any CPU.Build.0 = Release|Any CPU
	EndGlobalSection
	GlobalSection(SolutionProperties) = preSolution
		HideSolutionNode = FALSE
	EndGlobalSection
	GlobalSection(ExtensibilityGlobals) = postSolution
		SolutionGuid = {85CE059D-6183-4F3C-80C8-3AE3A3D8374A}
	EndGlobalSection
EndGlobal
